github.com/klauspost/cpuid/v2 v2.0.4/go.mod h1:FInQzS24/EEf25PyTYn52gqo7WaD8xa0213Md/qVLRg=
github.com/klauspost/cpuid/v2 v2.0.9 h1:lgaqFMSdTdQYdZ04uHyN2d/eKdOMyi2YLSvlQIBFYa4=
github.com/klauspost/cpuid/v2 v2.0.9/go.mod h1:FInQzS24/EEf25PyTYn52gqo7WaD8xa0213Md/qVLRg=
github.com/minio/sha256-simd v1.0.0 h1:v1ta+49hkWZyvaKwrQB8elexRqm6Y0aMLjCNsrYxo6g=
github.com/minio/sha256-simd v1.0.0/go.mod h1:OuYzVNI5vcoYIAmbIvHPl3N3jUzVedXbKy5RFepssQM=
github.com/mitchellh/mapstructure v1.3.2 h1:mRS76wmkOn3KkKAyXDu42V+6ebnXWIztFSYGN7GeoRg=
github.com/mitchellh/mapstructure v1.3.2/go.mod h1:bFUtVrKA4DC2yAKiSyO/QUcy7e+RRV2QTWOzhPopBRo=
github.com/prysmaticlabs/fastssz v0.0.0-20251103153600-259302269bfc h1:ASmh3y4ALne2OoabF5pPL8OcIpBko8gFMg5018MxkBI=
github.com/prysmaticlabs/fastssz v0.0.0-20251103153600-259302269bfc/go.mod h1:h2OlIZD/M6wFvV3YMZbW16lFgh3Rsye00G44J2cwLyU=
github.com/prysmaticlabs/go-bitfield v0.0.0-20240618144021-706c95b2dd15 h1:lC8kiphgdOBTcbTvo8MwkvpKjO0SlAgjv4xIK5FGJ94=
github.com/prysmaticlabs/go-bitfield v0.0.0-20240618144021-706c95b2dd15/go.mod h1:8svFBIKKu31YriBG/pNizo9N0Jr9i5PQ+dFkxWg3x5k=
github.com/prysmaticlabs/gohashtree v0.0.0-20240129161530-f61e0ca8e562 h1:5tywXUp+qP3Ui2Y3y7EdEoJ6OeI4e6S812JrDIPvXZA=
github.com/prysmaticlabs/gohashtree v0.0.0-20240129161530-f61e0ca8e562/go.mod h1:BFdtALS+Ffhg3lGQIHv9HDWuHS8cTvHZzrHWxwOtGOs=
gopkg.in/check.v1 v0.0.0-20161208181325-20d25e280405 h1:yhCVgyC4o1eVCa2tZl7eS0r+SDo693bJlVdllGtEeKM=
gopkg.in/check.v1 v0.0.0-20161208181325-20d25e280405/go.mod h1:Co6ibVJAznAaIkqp8huTwlJQCZ016jof/cbN4VW5Yz0=
gopkg.in/yaml.v2 v2.3.0 h1:clyUAQHOM3G0M3f5vQj7LuJrETvjVot3Z5el9nffUtU=
gopkg.in/yaml.v2 v2.3.0/go.mod h1:hI93XBmqTisBFMUTm0b8Fm+jr3Dg1NNxqwp+5A1VGuI=
