github.com/pk910/dynamic-ssz v0.0.6 h1:Tu97LSc2TtCyqRfoSbhG9XuR/FbA7CkKeAnlkgUydFY=
github.com/pk910/dynamic-ssz v0.0.6/go.mod h1:b6CrLaB2X7pYA+OSEEbkgXDEcRnjLOZIxZTsMuO/Y9c=
github.com/prysmaticlabs/go-bitfield v0.0.0-20240618144021-706c95b2dd15 h1:lC8kiphgdOBTcbTvo8MwkvpKjO0SlAgjv4xIK5FGJ94=
github.com/prysmaticlabs/go-bitfield v0.0.0-20240618144021-706c95b2dd15/go.mod h1:8svFBIKKu31YriBG/pNizo9N0Jr9i5PQ+dFkxWg3x5k=
gopkg.in/Knetic/govaluate.v3 v3.0.0 h1:18mUyIt4ZlRlFZAAfVetz4/rzlJs9yhN+U02F4u1AOc=
gopkg.in/Knetic/govaluate.v3 v3.0.0/go.mod h1:csKLBORsPbafmSCGTEh3U7Ozmsuq8ZSIlKk1bcqph0E=
gopkg.in/check.v1 v0.0.0-20161208181325-20d25e280405 h1:yhCVgyC4o1eVCa2tZl7eS0r+SDo693bJlVdllGtEeKM=
gopkg.in/check.v1 v0.0.0-20161208181325-20d25e280405/go.mod h1:Co6ibVJAznAaIkqp8huTwlJQCZ016jof/cbN4VW5Yz0=
gopkg.in/yaml.v2 v2.4.0 h1:D8xgwECY7CYvx+Y2n4sBz93Jn9JRvxdiyyo8CTfuKaY=
gopkg.in/yaml.v2 v2.4.0/go.mod h1:RDklbk79AGWmwhnvt/jBztapEOGDOx6ZbXqjP6csGnQ=
